github.com/aaronland/go-http-crumb v1.1.5 h1:k+q4gztPXz7B2ly3woSi9hBQ1CAZezea2P9JrnW48ZA=
github.com/aaronland/go-http-crumb v1.1.5/go.mod h1:nCVE2mH6atzt5mwiXmDSynllHk5/+LhcuTRS5DWIEcA=
github.com/aaronland/go-http-rewrite v1.1.0 h1:HhsltNyYRnIz2FR+qANZLx2ykiRuNuNK1JgPonKBLHQ=
github.com/aaronland/go-http-rewrite v1.1.0/go.mod h1:iA9jQBureJrzO6fTzmRLS+fkbAI1Fna71iTb1hP8n3k=
github.com/aaronland/go-http-sanitize v0.0.8 h1:RRcwJwZtIb0J6xFPgW8a2OkQhMFG/uXkFFOFkCzMeKY=
github.com/aaronland/go-http-sanitize v0.0.8/go.mod h1:qUi4rzUPcpMntpUFnHK00yQI5vd/Q7x9MFYwX91/ygI=
github.com/aaronland/go-roster v1.0.0 h1:FRDGrTqsYySKjWnAhbBGXyeGlI/o5/t9FZYCbUmyQtI=
github.com/aaronland/go-roster v1.0.0/go.mod h1:KIsYZgrJlAsyb9LsXSCvlqvbcCBVjCSqcQiZx42i9ro=
github.com/aaronland/go-string v1.0.0 h1:fPHmC1i9JhGzgi4qdCSXKc4xTCaLLe0uvlJMu9dHhco=
github.com/aaronland/go-string v1.0.0/go.mod h1:URh3Au/fNbM0++WjBseurE3QTp875wiJ9ImrecD+7tI=
github.com/aaronland/gomail-sender v1.0.1 h1:SrXsZmorKgeWWf7O20063GjVQAw7x+/A3w97B4EePAI=
github.com/aaronland/gomail-sender v1.0.1/go.mod h1:Cl0XMpTMcCKSxbUIlzj61allbbig+Qe3GO0YzLPgASg=
github.com/aaronland/gomail/v2 v2.0.8 h1:pTHK0/Q7Xctz2/HcG3pa3SH8DS9kNW/f/kmvPPTJmq0=
github.com/aaronland/gomail/v2 v2.0.8/go.mod h1:EW4vlCrGmTlJm5vu6BJbkATC8xzqicURtJjoWSX0FWM=
github.com/sfomuseum/go-http-fault/v2 v2.1.0 h1:pH0o0DDRDbx4WAKCwnha+Wx+2Qw0Uapa5zvsoy0NjZg=
github.com/sfomuseum/go-http-fault/v2 v2.1.0/go.mod h1:tzkhs60tMYwf+CbcxeOpM8bfmR7Zi3wL2rA1jKgRh4U=
github.com/whosonfirst/go-sanitize v0.1.0 h1:ygSqCnakwdzH/m8UEa15zXGDsoo5/JJeRkgmAjXZrBU=
github.com/whosonfirst/go-sanitize v0.1.0/go.mod h1:p/emgbafMM0p5iVAz2XWwecYPl06Tw4Jos9rhTKIrt8=
golang.org/x/net v0.30.0 h1:AcW1SDZMkb8IpzCdQUaIq2sP4sZ4zw+55h6ynffypl4=
golang.org/x/net v0.30.0/go.mod h1:2wGyMJ5iFasEhkwi13ChkO/t1ECNC4X4eBKkVFyYFlU=
gopkg.in/alexcesaro/quotedprintable.v3 v3.0.0-20150716171945-2caba252f4dc h1:2gGKlE2+asNV9m7xrywl36YYNnBG5ZQ0r/BOOxqPpmk=
gopkg.in/alexcesaro/quotedprintable.v3 v3.0.0-20150716171945-2caba252f4dc/go.mod h1:m7x9LTH6d71AHyAX77c9yqWCCa3UKHcVEj9y7hAtKDk=
